// !$*UTF8*$!
{
	archiveVersion = 1;
	classes = {
	};
	objectVersion = 46;
	objects = {

/* Begin PBXBuildFile section */
		9F805A7D1B27884700580CEB /* main.m in Sources */ = {isa = PBXBuildFile; fileRef = 9F805A7C1B27884700580CEB /* main.m */; };
		9F805A801B27884700580CEB /* AppDelegate.m in Sources */ = {isa = PBXBuildFile; fileRef = 9F805A7F1B27884700580CEB /* AppDelegate.m */; };
		9F805A831B27884700580CEB /* ViewController.m in Sources */ = {isa = PBXBuildFile; fileRef = 9F805A821B27884700580CEB /* ViewController.m */; };
		9F805A861B27884700580CEB /* Main.storyboard in Resources */ = {isa = PBXBuildFile; fileRef = 9F805A841B27884700580CEB /* Main.storyboard */; };
		9F805A881B27884700580CEB /* Images.xcassets in Resources */ = {isa = PBXBuildFile; fileRef = 9F805A871B27884700580CEB /* Images.xcassets */; };
		9F805A8B1B27884700580CEB /* LaunchScreen.xib in Resources */ = {isa = PBXBuildFile; fileRef = 9F805A891B27884700580CEB /* LaunchScreen.xib */; };
		9F805A971B27884700580CEB /* HAToolkitTests.m in Sources */ = {isa = PBXBuildFile; fileRef = 9F805A961B27884700580CEB /* HAToolkitTests.m */; };
		9F805AA31B2789C400580CEB /* UIImage+HAAdditions.m in Sources */ = {isa = PBXBuildFile; fileRef = 9F805AA21B2789C400580CEB /* UIImage+HAAdditions.m */; };
		9F805AA41B2789C400580CEB /* UIImage+HAAdditions.m in Sources */ = {isa = PBXBuildFile; fileRef = 9F805AA21B2789C400580CEB /* UIImage+HAAdditions.m */; };
		9F805AA81B278AD100580CEB /* NSDate+HAAdditions.m in Sources */ = {isa = PBXBuildFile; fileRef = 9F805AA71B278AD100580CEB /* NSDate+HAAdditions.m */; };
		9F805AA91B278AD100580CEB /* NSDate+HAAdditions.m in Sources */ = {isa = PBXBuildFile; fileRef = 9F805AA71B278AD100580CEB /* NSDate+HAAdditions.m */; };
		9F805AAE1B278C0800580CEB /* UIColor+HAAdditions.m in Sources */ = {isa = PBXBuildFile; fileRef = 9F805AAD1B278C0800580CEB /* UIColor+HAAdditions.m */; };
		9F805AAF1B278C0800580CEB /* UIColor+HAAdditions.m in Sources */ = {isa = PBXBuildFile; fileRef = 9F805AAD1B278C0800580CEB /* UIColor+HAAdditions.m */; };
		9F805AB31B278C6B00580CEB /* CLHeading+HAAdditions.m in Sources */ = {isa = PBXBuildFile; fileRef = 9F805AB21B278C6B00580CEB /* CLHeading+HAAdditions.m */; };
		9F805AB41B278C6B00580CEB /* CLHeading+HAAdditions.m in Sources */ = {isa = PBXBuildFile; fileRef = 9F805AB21B278C6B00580CEB /* CLHeading+HAAdditions.m */; };
		9F805AB61B278C7A00580CEB /* CoreLocation.framework in Frameworks */ = {isa = PBXBuildFile; fileRef = 9F805AB51B278C7A00580CEB /* CoreLocation.framework */; };
		9F805AB91B278D6000580CEB /* UIView+HAAdditions.m in Sources */ = {isa = PBXBuildFile; fileRef = 9F805AB81B278D6000580CEB /* UIView+HAAdditions.m */; };
		9F805ABA1B278D6000580CEB /* UIView+HAAdditions.m in Sources */ = {isa = PBXBuildFile; fileRef = 9F805AB81B278D6000580CEB /* UIView+HAAdditions.m */; };
		9FD434D21B27C7AF00E1B882 /* UIToolbar+HAAdditions.m in Sources */ = {isa = PBXBuildFile; fileRef = 9FD434D11B27C7AF00E1B882 /* UIToolbar+HAAdditions.m */; };
		9FD434D51B27C81000E1B882 /* UINavigationBar+HAAdditions.m in Sources */ = {isa = PBXBuildFile; fileRef = 9FD434D41B27C81000E1B882 /* UINavigationBar+HAAdditions.m */; };
		9FDD5A631B2790CD0018663D /* NSArray+HAAdditions.m in Sources */ = {isa = PBXBuildFile; fileRef = 9FDD5A621B2790CD0018663D /* NSArray+HAAdditions.m */; };
/* End PBXBuildFile section */

/* Begin PBXContainerItemProxy section */
		9F805A911B27884700580CEB /* PBXContainerItemProxy */ = {
			isa = PBXContainerItemProxy;
			containerPortal = 9F805A6F1B27884700580CEB /* Project object */;
			proxyType = 1;
			remoteGlobalIDString = 9F805A761B27884700580CEB;
			remoteInfo = HAToolkit;
		};
/* End PBXContainerItemProxy section */

/* Begin PBXFileReference section */
		9F805A771B27884700580CEB /* HAToolkit.app */ = {isa = PBXFileReference; explicitFileType = wrapper.application; includeInIndex = 0; path = HAToolkit.app; sourceTree = BUILT_PRODUCTS_DIR; };
		9F805A7B1B27884700580CEB /* Info.plist */ = {isa = PBXFileReference; lastKnownFileType = text.plist.xml; path = Info.plist; sourceTree = "<group>"; };
		9F805A7C1B27884700580CEB /* main.m */ = {isa = PBXFileReference; lastKnownFileType = sourcecode.c.objc; path = main.m; sourceTree = "<group>"; };
		9F805A7E1B27884700580CEB /* AppDelegate.h */ = {isa = PBXFileReference; lastKnownFileType = sourcecode.c.h; path = AppDelegate.h; sourceTree = "<group>"; };
		9F805A7F1B27884700580CEB /* AppDelegate.m */ = {isa = PBXFileReference; lastKnownFileType = sourcecode.c.objc; path = AppDelegate.m; sourceTree = "<group>"; };
		9F805A811B27884700580CEB /* ViewController.h */ = {isa = PBXFileReference; lastKnownFileType = sourcecode.c.h; path = ViewController.h; sourceTree = "<group>"; };
		9F805A821B27884700580CEB /* ViewController.m */ = {isa = PBXFileReference; lastKnownFileType = sourcecode.c.objc; path = ViewController.m; sourceTree = "<group>"; };
		9F805A851B27884700580CEB /* Base */ = {isa = PBXFileReference; lastKnownFileType = file.storyboard; name = Base; path = Base.lproj/Main.storyboard; sourceTree = "<group>"; };
		9F805A871B27884700580CEB /* Images.xcassets */ = {isa = PBXFileReference; lastKnownFileType = folder.assetcatalog; path = Images.xcassets; sourceTree = "<group>"; };
		9F805A8A1B27884700580CEB /* Base */ = {isa = PBXFileReference; lastKnownFileType = file.xib; name = Base; path = Base.lproj/LaunchScreen.xib; sourceTree = "<group>"; };
		9F805A901B27884700580CEB /* HAToolkitTests.xctest */ = {isa = PBXFileReference; explicitFileType = wrapper.cfbundle; includeInIndex = 0; path = HAToolkitTests.xctest; sourceTree = BUILT_PRODUCTS_DIR; };
		9F805A951B27884700580CEB /* Info.plist */ = {isa = PBXFileReference; lastKnownFileType = text.plist.xml; path = Info.plist; sourceTree = "<group>"; };
		9F805A961B27884700580CEB /* HAToolkitTests.m */ = {isa = PBXFileReference; lastKnownFileType = sourcecode.c.objc; path = HAToolkitTests.m; sourceTree = "<group>"; };
		9F805AA11B2789C400580CEB /* UIImage+HAAdditions.h */ = {isa = PBXFileReference; fileEncoding = 4; lastKnownFileType = sourcecode.c.h; path = "UIImage+HAAdditions.h"; sourceTree = "<group>"; };
		9F805AA21B2789C400580CEB /* UIImage+HAAdditions.m */ = {isa = PBXFileReference; fileEncoding = 4; lastKnownFileType = sourcecode.c.objc; path = "UIImage+HAAdditions.m"; sourceTree = "<group>"; };
		9F805AA61B278AD100580CEB /* NSDate+HAAdditions.h */ = {isa = PBXFileReference; fileEncoding = 4; lastKnownFileType = sourcecode.c.h; path = "NSDate+HAAdditions.h"; sourceTree = "<group>"; };
		9F805AA71B278AD100580CEB /* NSDate+HAAdditions.m */ = {isa = PBXFileReference; fileEncoding = 4; lastKnownFileType = sourcecode.c.objc; path = "NSDate+HAAdditions.m"; sourceTree = "<group>"; };
		9F805AAC1B278C0800580CEB /* UIColor+HAAdditions.h */ = {isa = PBXFileReference; fileEncoding = 4; lastKnownFileType = sourcecode.c.h; path = "UIColor+HAAdditions.h"; sourceTree = "<group>"; };
		9F805AAD1B278C0800580CEB /* UIColor+HAAdditions.m */ = {isa = PBXFileReference; fileEncoding = 4; lastKnownFileType = sourcecode.c.objc; path = "UIColor+HAAdditions.m"; sourceTree = "<group>"; };
		9F805AB11B278C6B00580CEB /* CLHeading+HAAdditions.h */ = {isa = PBXFileReference; fileEncoding = 4; lastKnownFileType = sourcecode.c.h; path = "CLHeading+HAAdditions.h"; sourceTree = "<group>"; };
		9F805AB21B278C6B00580CEB /* CLHeading+HAAdditions.m */ = {isa = PBXFileReference; fileEncoding = 4; lastKnownFileType = sourcecode.c.objc; path = "CLHeading+HAAdditions.m"; sourceTree = "<group>"; };
		9F805AB51B278C7A00580CEB /* CoreLocation.framework */ = {isa = PBXFileReference; lastKnownFileType = wrapper.framework; name = CoreLocation.framework; path = System/Library/Frameworks/CoreLocation.framework; sourceTree = SDKROOT; };
		9F805AB71B278D6000580CEB /* UIView+HAAdditions.h */ = {isa = PBXFileReference; fileEncoding = 4; lastKnownFileType = sourcecode.c.h; path = "UIView+HAAdditions.h"; sourceTree = "<group>"; };
		9F805AB81B278D6000580CEB /* UIView+HAAdditions.m */ = {isa = PBXFileReference; fileEncoding = 4; lastKnownFileType = sourcecode.c.objc; path = "UIView+HAAdditions.m"; sourceTree = "<group>"; };
		9F805ACB1B278DFE00580CEB /* HACategories.h */ = {isa = PBXFileReference; fileEncoding = 4; lastKnownFileType = sourcecode.c.h; path = HACategories.h; sourceTree = "<group>"; };
		9FD434D01B27C7AF00E1B882 /* UIToolbar+HAAdditions.h */ = {isa = PBXFileReference; fileEncoding = 4; lastKnownFileType = sourcecode.c.h; path = "UIToolbar+HAAdditions.h"; sourceTree = "<group>"; };
		9FD434D11B27C7AF00E1B882 /* UIToolbar+HAAdditions.m */ = {isa = PBXFileReference; fileEncoding = 4; lastKnownFileType = sourcecode.c.objc; path = "UIToolbar+HAAdditions.m"; sourceTree = "<group>"; };
		9FD434D31B27C81000E1B882 /* UINavigationBar+HAAdditions.h */ = {isa = PBXFileReference; fileEncoding = 4; lastKnownFileType = sourcecode.c.h; path = "UINavigationBar+HAAdditions.h"; sourceTree = "<group>"; };
		9FD434D41B27C81000E1B882 /* UINavigationBar+HAAdditions.m */ = {isa = PBXFileReference; fileEncoding = 4; lastKnownFileType = sourcecode.c.objc; path = "UINavigationBar+HAAdditions.m"; sourceTree = "<group>"; };
		9FDD5A611B2790CD0018663D /* NSArray+HAAdditions.h */ = {isa = PBXFileReference; fileEncoding = 4; lastKnownFileType = sourcecode.c.h; path = "NSArray+HAAdditions.h"; sourceTree = "<group>"; };
		9FDD5A621B2790CD0018663D /* NSArray+HAAdditions.m */ = {isa = PBXFileReference; fileEncoding = 4; lastKnownFileType = sourcecode.c.objc; path = "NSArray+HAAdditions.m"; sourceTree = "<group>"; };
/* End PBXFileReference section */

/* Begin PBXFrameworksBuildPhase section */
		9F805A741B27884700580CEB /* Frameworks */ = {
			isa = PBXFrameworksBuildPhase;
			buildActionMask = 2147483647;
			files = (
				9F805AB61B278C7A00580CEB /* CoreLocation.framework in Frameworks */,
			);
			runOnlyForDeploymentPostprocessing = 0;
		};
		9F805A8D1B27884700580CEB /* Frameworks */ = {
			isa = PBXFrameworksBuildPhase;
			buildActionMask = 2147483647;
			files = (
			);
			runOnlyForDeploymentPostprocessing = 0;
		};
/* End PBXFrameworksBuildPhase section */

/* Begin PBXGroup section */
		9F805A6E1B27884700580CEB = {
			isa = PBXGroup;
			children = (
				9F805AA01B27892A00580CEB /* Categories */,
				9F805A791B27884700580CEB /* HAToolkit */,
				9FD434CF1B27C3C400E1B882 /* Frameworks */,
				9F805A931B27884700580CEB /* HAToolkitTests */,
				9F805A781B27884700580CEB /* Products */,
			);
			sourceTree = "<group>";
		};
		9F805A781B27884700580CEB /* Products */ = {
			isa = PBXGroup;
			children = (
				9F805A771B27884700580CEB /* HAToolkit.app */,
				9F805A901B27884700580CEB /* HAToolkitTests.xctest */,
			);
			name = Products;
			sourceTree = "<group>";
		};
		9F805A791B27884700580CEB /* HAToolkit */ = {
			isa = PBXGroup;
			children = (
				9F805A7E1B27884700580CEB /* AppDelegate.h */,
				9F805A7F1B27884700580CEB /* AppDelegate.m */,
				9F805A811B27884700580CEB /* ViewController.h */,
				9F805A821B27884700580CEB /* ViewController.m */,
				9F805A841B27884700580CEB /* Main.storyboard */,
				9F805A871B27884700580CEB /* Images.xcassets */,
				9F805A891B27884700580CEB /* LaunchScreen.xib */,
				9F805A7A1B27884700580CEB /* Supporting Files */,
			);
			path = HAToolkit;
			sourceTree = "<group>";
		};
		9F805A7A1B27884700580CEB /* Supporting Files */ = {
			isa = PBXGroup;
			children = (
				9F805A7B1B27884700580CEB /* Info.plist */,
				9F805A7C1B27884700580CEB /* main.m */,
			);
			name = "Supporting Files";
			sourceTree = "<group>";
		};
		9F805A931B27884700580CEB /* HAToolkitTests */ = {
			isa = PBXGroup;
			children = (
				9F805A961B27884700580CEB /* HAToolkitTests.m */,
				9F805A941B27884700580CEB /* Supporting Files */,
			);
			path = HAToolkitTests;
			sourceTree = "<group>";
		};
		9F805A941B27884700580CEB /* Supporting Files */ = {
			isa = PBXGroup;
			children = (
				9F805A951B27884700580CEB /* Info.plist */,
			);
			name = "Supporting Files";
			sourceTree = "<group>";
		};
		9F805AA01B27892A00580CEB /* Categories */ = {
			isa = PBXGroup;
			children = (
				9F805AB01B278C4D00580CEB /* CoreLocation */,
				9F805AAB1B278B5100580CEB /* UIKit */,
				9F805AAA1B278B4900580CEB /* Foundation */,
				9F805ACB1B278DFE00580CEB /* HACategories.h */,
			);
			name = Categories;
			path = HAToolkit/Categories;
			sourceTree = "<group>";
		};
		9F805AAA1B278B4900580CEB /* Foundation */ = {
			isa = PBXGroup;
			children = (
				9F805AA61B278AD100580CEB /* NSDate+HAAdditions.h */,
				9F805AA71B278AD100580CEB /* NSDate+HAAdditions.m */,
				9FDD5A611B2790CD0018663D /* NSArray+HAAdditions.h */,
				9FDD5A621B2790CD0018663D /* NSArray+HAAdditions.m */,
			);
			name = Foundation;
			sourceTree = "<group>";
		};
		9F805AAB1B278B5100580CEB /* UIKit */ = {
			isa = PBXGroup;
			children = (
				9F805AAC1B278C0800580CEB /* UIColor+HAAdditions.h */,
				9F805AAD1B278C0800580CEB /* UIColor+HAAdditions.m */,
				9F805AA11B2789C400580CEB /* UIImage+HAAdditions.h */,
				9F805AA21B2789C400580CEB /* UIImage+HAAdditions.m */,
				9F805AB71B278D6000580CEB /* UIView+HAAdditions.h */,
				9F805AB81B278D6000580CEB /* UIView+HAAdditions.m */,
				9FD434D01B27C7AF00E1B882 /* UIToolbar+HAAdditions.h */,
				9FD434D11B27C7AF00E1B882 /* UIToolbar+HAAdditions.m */,
				9FD434D31B27C81000E1B882 /* UINavigationBar+HAAdditions.h */,
				9FD434D41B27C81000E1B882 /* UINavigationBar+HAAdditions.m */,
			);
			name = UIKit;
			sourceTree = "<group>";
		};
		9F805AB01B278C4D00580CEB /* CoreLocation */ = {
			isa = PBXGroup;
			children = (
				9F805AB11B278C6B00580CEB /* CLHeading+HAAdditions.h */,
				9F805AB21B278C6B00580CEB /* CLHeading+HAAdditions.m */,
			);
			name = CoreLocation;
			sourceTree = "<group>";
		};
		9FD434CF1B27C3C400E1B882 /* Frameworks */ = {
			isa = PBXGroup;
			children = (
				9F805AB51B278C7A00580CEB /* CoreLocation.framework */,
			);
			name = Frameworks;
			sourceTree = "<group>";
		};
/* End PBXGroup section */

/* Begin PBXNativeTarget section */
		9F805A761B27884700580CEB /* HAToolkit */ = {
			isa = PBXNativeTarget;
			buildConfigurationList = 9F805A9A1B27884700580CEB /* Build configuration list for PBXNativeTarget "HAToolkit" */;
			buildPhases = (
				9F805A731B27884700580CEB /* Sources */,
				9F805A741B27884700580CEB /* Frameworks */,
				9F805A751B27884700580CEB /* Resources */,
			);
			buildRules = (
			);
			dependencies = (
			);
			name = HAToolkit;
			productName = HAToolkit;
			productReference = 9F805A771B27884700580CEB /* HAToolkit.app */;
			productType = "com.apple.product-type.application";
		};
		9F805A8F1B27884700580CEB /* HAToolkitTests */ = {
			isa = PBXNativeTarget;
			buildConfigurationList = 9F805A9D1B27884700580CEB /* Build configuration list for PBXNativeTarget "HAToolkitTests" */;
			buildPhases = (
				9F805A8C1B27884700580CEB /* Sources */,
				9F805A8D1B27884700580CEB /* Frameworks */,
				9F805A8E1B27884700580CEB /* Resources */,
			);
			buildRules = (
			);
			dependencies = (
				9F805A921B27884700580CEB /* PBXTargetDependency */,
			);
			name = HAToolkitTests;
			productName = HAToolkitTests;
			productReference = 9F805A901B27884700580CEB /* HAToolkitTests.xctest */;
			productType = "com.apple.product-type.bundle.unit-test";
		};
/* End PBXNativeTarget section */

/* Begin PBXProject section */
		9F805A6F1B27884700580CEB /* Project object */ = {
			isa = PBXProject;
			attributes = {
				LastUpgradeCheck = 0630;
				ORGANIZATIONNAME = "Hasan Adil";
				TargetAttributes = {
					9F805A761B27884700580CEB = {
						CreatedOnToolsVersion = 6.3.2;
					};
					9F805A8F1B27884700580CEB = {
						CreatedOnToolsVersion = 6.3.2;
						TestTargetID = 9F805A761B27884700580CEB;
					};
				};
			};
			buildConfigurationList = 9F805A721B27884700580CEB /* Build configuration list for PBXProject "HAToolkit" */;
			compatibilityVersion = "Xcode 3.2";
			developmentRegion = English;
			hasScannedForEncodings = 0;
			knownRegions = (
				en,
				Base,
			);
			mainGroup = 9F805A6E1B27884700580CEB;
			productRefGroup = 9F805A781B27884700580CEB /* Products */;
			projectDirPath = "";
			projectRoot = "";
			targets = (
				9F805A761B27884700580CEB /* HAToolkit */,
				9F805A8F1B27884700580CEB /* HAToolkitTests */,
			);
		};
/* End PBXProject section */

/* Begin PBXResourcesBuildPhase section */
		9F805A751B27884700580CEB /* Resources */ = {
			isa = PBXResourcesBuildPhase;
			buildActionMask = 2147483647;
			files = (
				9F805A861B27884700580CEB /* Main.storyboard in Resources */,
				9F805A8B1B27884700580CEB /* LaunchScreen.xib in Resources */,
				9F805A881B27884700580CEB /* Images.xcassets in Resources */,
			);
			runOnlyForDeploymentPostprocessing = 0;
		};
		9F805A8E1B27884700580CEB /* Resources */ = {
			isa = PBXResourcesBuildPhase;
			buildActionMask = 2147483647;
			files = (
			);
			runOnlyForDeploymentPostprocessing = 0;
		};
/* End PBXResourcesBuildPhase section */

/* Begin PBXSourcesBuildPhase section */
		9F805A731B27884700580CEB /* Sources */ = {
			isa = PBXSourcesBuildPhase;
			buildActionMask = 2147483647;
			files = (
				9FD434D51B27C81000E1B882 /* UINavigationBar+HAAdditions.m in Sources */,
				9F805AB31B278C6B00580CEB /* CLHeading+HAAdditions.m in Sources */,
				9F805AA31B2789C400580CEB /* UIImage+HAAdditions.m in Sources */,
				9F805A831B27884700580CEB /* ViewController.m in Sources */,
				9F805AB91B278D6000580CEB /* UIView+HAAdditions.m in Sources */,
				9F805A801B27884700580CEB /* AppDelegate.m in Sources */,
				9F805AA81B278AD100580CEB /* NSDate+HAAdditions.m in Sources */,
				9F805AAE1B278C0800580CEB /* UIColor+HAAdditions.m in Sources */,
				9F805A7D1B27884700580CEB /* main.m in Sources */,
				9FD434D21B27C7AF00E1B882 /* UIToolbar+HAAdditions.m in Sources */,
				9FDD5A631B2790CD0018663D /* NSArray+HAAdditions.m in Sources */,
			);
			runOnlyForDeploymentPostprocessing = 0;
		};
		9F805A8C1B27884700580CEB /* Sources */ = {
			isa = PBXSourcesBuildPhase;
			buildActionMask = 2147483647;
			files = (
				9F805AAF1B278C0800580CEB /* UIColor+HAAdditions.m in Sources */,
				9F805ABA1B278D6000580CEB /* UIView+HAAdditions.m in Sources */,
				9F805AA41B2789C400580CEB /* UIImage+HAAdditions.m in Sources */,
				9F805AA91B278AD100580CEB /* NSDate+HAAdditions.m in Sources */,
				9F805A971B27884700580CEB /* HAToolkitTests.m in Sources */,
				9F805AB41B278C6B00580CEB /* CLHeading+HAAdditions.m in Sources */,
			);
			runOnlyForDeploymentPostprocessing = 0;
		};
/* End PBXSourcesBuildPhase section */

/* Begin PBXTargetDependency section */
		9F805A921B27884700580CEB /* PBXTargetDependency */ = {
			isa = PBXTargetDependency;
			target = 9F805A761B27884700580CEB /* HAToolkit */;
			targetProxy = 9F805A911B27884700580CEB /* PBXContainerItemProxy */;
		};
/* End PBXTargetDependency section */

/* Begin PBXVariantGroup section */
		9F805A841B27884700580CEB /* Main.storyboard */ = {
			isa = PBXVariantGroup;
			children = (
				9F805A851B27884700580CEB /* Base */,
			);
			name = Main.storyboard;
			sourceTree = "<group>";
		};
		9F805A891B27884700580CEB /* LaunchScreen.xib */ = {
			isa = PBXVariantGroup;
			children = (
				9F805A8A1B27884700580CEB /* Base */,
			);
			name = LaunchScreen.xib;
			sourceTree = "<group>";
		};
/* End PBXVariantGroup section */

/* Begin XCBuildConfiguration section */
		9F805A981B27884700580CEB /* Debug */ = {
			isa = XCBuildConfiguration;
			buildSettings = {
				ALWAYS_SEARCH_USER_PATHS = NO;
				CLANG_CXX_LANGUAGE_STANDARD = "gnu++0x";
				CLANG_CXX_LIBRARY = "libc++";
				CLANG_ENABLE_MODULES = YES;
				CLANG_ENABLE_OBJC_ARC = YES;
				CLANG_WARN_BOOL_CONVERSION = YES;
				CLANG_WARN_CONSTANT_CONVERSION = YES;
				CLANG_WARN_DIRECT_OBJC_ISA_USAGE = YES_ERROR;
				CLANG_WARN_EMPTY_BODY = YES;
				CLANG_WARN_ENUM_CONVERSION = YES;
				CLANG_WARN_INT_CONVERSION = YES;
				CLANG_WARN_OBJC_ROOT_CLASS = YES_ERROR;
				CLANG_WARN_UNREACHABLE_CODE = YES;
				CLANG_WARN__DUPLICATE_METHOD_MATCH = YES;
				"CODE_SIGN_IDENTITY[sdk=iphoneos*]" = "iPhone Developer";
				COPY_PHASE_STRIP = NO;
				DEBUG_INFORMATION_FORMAT = "dwarf-with-dsym";
				ENABLE_STRICT_OBJC_MSGSEND = YES;
				GCC_C_LANGUAGE_STANDARD = gnu99;
				GCC_DYNAMIC_NO_PIC = NO;
				GCC_NO_COMMON_BLOCKS = YES;
				GCC_OPTIMIZATION_LEVEL = 0;
				GCC_PREPROCESSOR_DEFINITIONS = (
					"DEBUG=1",
					"$(inherited)",
				);
				GCC_SYMBOLS_PRIVATE_EXTERN = NO;
				GCC_WARN_64_TO_32_BIT_CONVERSION = YES;
				GCC_WARN_ABOUT_RETURN_TYPE = YES_ERROR;
				GCC_WARN_UNDECLARED_SELECTOR = YES;
				GCC_WARN_UNINITIALIZED_AUTOS = YES_AGGRESSIVE;
				GCC_WARN_UNUSED_FUNCTION = YES;
				GCC_WARN_UNUSED_VARIABLE = YES;
				IPHONEOS_DEPLOYMENT_TARGET = 8.3;
				MTL_ENABLE_DEBUG_INFO = YES;
				ONLY_ACTIVE_ARCH = YES;
				SDKROOT = iphoneos;
				TARGETED_DEVICE_FAMILY = "1,2";
			};
			name = Debug;
		};
		9F805A991B27884700580CEB /* Release */ = {
			isa = XCBuildConfiguration;
			buildSettings = {
				ALWAYS_SEARCH_USER_PATHS = NO;
				CLANG_CXX_LANGUAGE_STANDARD = "gnu++0x";
				CLANG_CXX_LIBRARY = "libc++";
				CLANG_ENABLE_MODULES = YES;
				CLANG_ENABLE_OBJC_ARC = YES;
				CLANG_WARN_BOOL_CONVERSION = YES;
				CLANG_WARN_CONSTANT_CONVERSION = YES;
				CLANG_WARN_DIRECT_OBJC_ISA_USAGE = YES_ERROR;
				CLANG_WARN_EMPTY_BODY = YES;
				CLANG_WARN_ENUM_CONVERSION = YES;
				CLANG_WARN_INT_CONVERSION = YES;
				CLANG_WARN_OBJC_ROOT_CLASS = YES_ERROR;
				CLANG_WARN_UNREACHABLE_CODE = YES;
				CLANG_WARN__DUPLICATE_METHOD_MATCH = YES;
				"CODE_SIGN_IDENTITY[sdk=iphoneos*]" = "iPhone Developer";
				COPY_PHASE_STRIP = NO;
				DEBUG_INFORMATION_FORMAT = "dwarf-with-dsym";
				ENABLE_NS_ASSERTIONS = NO;
				ENABLE_STRICT_OBJC_MSGSEND = YES;
				GCC_C_LANGUAGE_STANDARD = gnu99;
				GCC_NO_COMMON_BLOCKS = YES;
				GCC_WARN_64_TO_32_BIT_CONVERSION = YES;
				GCC_WARN_ABOUT_RETURN_TYPE = YES_ERROR;
				GCC_WARN_UNDECLARED_SELECTOR = YES;
				GCC_WARN_UNINITIALIZED_AUTOS = YES_AGGRESSIVE;
				GCC_WARN_UNUSED_FUNCTION = YES;
				GCC_WARN_UNUSED_VARIABLE = YES;
				IPHONEOS_DEPLOYMENT_TARGET = 8.3;
				MTL_ENABLE_DEBUG_INFO = NO;
				SDKROOT = iphoneos;
				TARGETED_DEVICE_FAMILY = "1,2";
				VALIDATE_PRODUCT = YES;
			};
			name = Release;
		};
		9F805A9B1B27884700580CEB /* Debug */ = {
			isa = XCBuildConfiguration;
			buildSettings = {
				ASSETCATALOG_COMPILER_APPICON_NAME = AppIcon;
				INFOPLIST_FILE = HAToolkit/Info.plist;
				LD_RUNPATH_SEARCH_PATHS = "$(inherited) @executable_path/Frameworks";
				PRODUCT_NAME = "$(TARGET_NAME)";
			};
			name = Debug;
		};
		9F805A9C1B27884700580CEB /* Release */ = {
			isa = XCBuildConfiguration;
			buildSettings = {
				ASSETCATALOG_COMPILER_APPICON_NAME = AppIcon;
				INFOPLIST_FILE = HAToolkit/Info.plist;
				LD_RUNPATH_SEARCH_PATHS = "$(inherited) @executable_path/Frameworks";
				PRODUCT_NAME = "$(TARGET_NAME)";
			};
			name = Release;
		};
		9F805A9E1B27884700580CEB /* Debug */ = {
			isa = XCBuildConfiguration;
			buildSettings = {
				BUNDLE_LOADER = "$(TEST_HOST)";
				FRAMEWORK_SEARCH_PATHS = (
					"$(SDKROOT)/Developer/Library/Frameworks",
					"$(inherited)",
				);
				GCC_PREPROCESSOR_DEFINITIONS = (
					"DEBUG=1",
					"$(inherited)",
				);
				INFOPLIST_FILE = HAToolkitTests/Info.plist;
				LD_RUNPATH_SEARCH_PATHS = "$(inherited) @executable_path/Frameworks @loader_path/Frameworks";
				PRODUCT_NAME = "$(TARGET_NAME)";
				TEST_HOST = "$(BUILT_PRODUCTS_DIR)/HAToolkit.app/HAToolkit";
			};
			name = Debug;
		};
		9F805A9F1B27884700580CEB /* Release */ = {
			isa = XCBuildConfiguration;
			buildSettings = {
				BUNDLE_LOADER = "$(TEST_HOST)";
				FRAMEWORK_SEARCH_PATHS = (
					"$(SDKROOT)/Developer/Library/Frameworks",
					"$(inherited)",
				);
				INFOPLIST_FILE = HAToolkitTests/Info.plist;
				LD_RUNPATH_SEARCH_PATHS = "$(inherited) @executable_path/Frameworks @loader_path/Frameworks";
				PRODUCT_NAME = "$(TARGET_NAME)";
				TEST_HOST = "$(BUILT_PRODUCTS_DIR)/HAToolkit.app/HAToolkit";
			};
			name = Release;
		};
/* End XCBuildConfiguration section */

/* Begin XCConfigurationList section */
		9F805A721B27884700580CEB /* Build configuration list for PBXProject "HAToolkit" */ = {
			isa = XCConfigurationList;
			buildConfigurations = (
				9F805A981B27884700580CEB /* Debug */,
				9F805A991B27884700580CEB /* Release */,
			);
			defaultConfigurationIsVisible = 0;
			defaultConfigurationName = Release;
		};
		9F805A9A1B27884700580CEB /* Build configuration list for PBXNativeTarget "HAToolkit" */ = {
			isa = XCConfigurationList;
			buildConfigurations = (
				9F805A9B1B27884700580CEB /* Debug */,
				9F805A9C1B27884700580CEB /* Release */,
			);
			defaultConfigurationIsVisible = 0;
			defaultConfigurationName = Release;
		};
		9F805A9D1B27884700580CEB /* Build configuration list for PBXNativeTarget "HAToolkitTests" */ = {
			isa = XCConfigurationList;
			buildConfigurations = (
				9F805A9E1B27884700580CEB /* Debug */,
				9F805A9F1B27884700580CEB /* Release */,
			);
			defaultConfigurationIsVisible = 0;
			defaultConfigurationName = Release;
		};
/* End XCConfigurationList section */
	};
	rootObject = 9F805A6F1B27884700580CEB /* Project object */;
}
